<Solution>
  <Folder Name="/src/" />
  <Folder Name="/src/orders-api/">
    <Project Path="src/orders-api/DevOpsLab.Api/DevOpsLab.Api.csproj" />
    <Project Path="src/orders-api/DevOpsLab.Application/DevOpsLab.Application.csproj" />
    <Project Path="src/orders-api/DevOpsLab.Domain/DevOpsLab.Domain.csproj" />
    <Project Path="src/orders-api/DevOpsLab.Infrastructure/DevOpsLab.Infrastructure.csproj" />
  </Folder>
  <Folder Name="/src/bff/">
    <Project Path="src/bff/DevOpsLab.Bff/DevOpsLab.Bff.csproj" />
  </Folder>
  <Folder Name="/tests/">
    <Project Path="tests/DevOpsLab.Api.Tests/DevOpsLab.Api.Tests.csproj" />
    <Project Path="tests/DevOpsLab.Bff.Tests/DevOpsLab.Bff.Tests.csproj" />
  </Folder>
</Solution>
