<Solution>
  <Folder Name="/src/" />
  <Folder Name="/src/api/">
    <Project Path="src/api/DevOpsLab.Api/DevOpsLab.Api.csproj" />
  </Folder>
  <Folder Name="/src/application/">
    <Project Path="src/application/DevOpsLab.Application/DevOpsLab.Application.csproj" />
  </Folder>
  <Folder Name="/src/domain/">
    <Project Path="src/domain/DevOpsLab.Domain/DevOpsLab.Domain.csproj" />
  </Folder>
  <Folder Name="/src/infrastructure/">
    <Project Path="src/infrastructure/DevOpsLab.Infrastructure/DevOpsLab.Infrastructure.csproj" />
  </Folder>
  <Folder Name="/tests/">
    <Project Path="tests/DevOpsLab.Api.Tests/DevOpsLab.Api.Tests.csproj" />
  </Folder>
</Solution>
